// !$*UTF8*$!
{
	archiveVersion = 1;
	classes = {
	};
	objectVersion = 46;
	objects = {

/* Begin PBXBuildFile section */
		05E71AEDBF30755198346992 /* Pods_SocialApp.framework in Frameworks */ = {isa = PBXBuildFile; fileRef = E1510136598639FF9CE8D3E0 /* Pods_SocialApp.framework */; };
		810E437F1E752EF900D576BD /* PostCell.swift in Sources */ = {isa = PBXBuildFile; fileRef = 810E437E1E752EF900D576BD /* PostCell.swift */; };
		8164DBD01E71886D002627F5 /* AppDelegate.swift in Sources */ = {isa = PBXBuildFile; fileRef = 8164DBCF1E71886D002627F5 /* AppDelegate.swift */; };
		8164DBD21E71886D002627F5 /* SignInVC.swift in Sources */ = {isa = PBXBuildFile; fileRef = 8164DBD11E71886D002627F5 /* SignInVC.swift */; };
		8164DBD51E71886D002627F5 /* Main.storyboard in Resources */ = {isa = PBXBuildFile; fileRef = 8164DBD31E71886D002627F5 /* Main.storyboard */; };
		8164DBD71E71886D002627F5 /* Assets.xcassets in Resources */ = {isa = PBXBuildFile; fileRef = 8164DBD61E71886D002627F5 /* Assets.xcassets */; };
		8164DBDA1E71886D002627F5 /* LaunchScreen.storyboard in Resources */ = {isa = PBXBuildFile; fileRef = 8164DBD81E71886D002627F5 /* LaunchScreen.storyboard */; };
		8164DBE21E718878002627F5 /* GoogleService-Info.plist in Resources */ = {isa = PBXBuildFile; fileRef = 8164DBE11E718878002627F5 /* GoogleService-Info.plist */; };
		8178CBB11E73E24000609092 /* FancyView.swift in Sources */ = {isa = PBXBuildFile; fileRef = 8178CBB01E73E24000609092 /* FancyView.swift */; };
		8178CBB41E73E2D700609092 /* Constants.swift in Sources */ = {isa = PBXBuildFile; fileRef = 8178CBB31E73E2D700609092 /* Constants.swift */; };
		8178CBB61E73E4E600609092 /* RoundButton.swift in Sources */ = {isa = PBXBuildFile; fileRef = 8178CBB51E73E4E600609092 /* RoundButton.swift */; };
		8178CBB81E73E66B00609092 /* FancyField.swift in Sources */ = {isa = PBXBuildFile; fileRef = 8178CBB71E73E66B00609092 /* FancyField.swift */; };
		8178CBBA1E73E7A300609092 /* FancyButton.swift in Sources */ = {isa = PBXBuildFile; fileRef = 8178CBB91E73E7A300609092 /* FancyButton.swift */; };
		81F8BBCB1E742DD600FCD41A /* FeedVC.swift in Sources */ = {isa = PBXBuildFile; fileRef = 81F8BBCA1E742DD600FCD41A /* FeedVC.swift */; };
		81F8BBCD1E743F0200FCD41A /* CircleView.swift in Sources */ = {isa = PBXBuildFile; fileRef = 81F8BBCC1E743F0200FCD41A /* CircleView.swift */; };
/* End PBXBuildFile section */

/* Begin PBXFileReference section */
		729F204900E093BA73EF0B23 /* Pods-SocialApp.release.xcconfig */ = {isa = PBXFileReference; includeInIndex = 1; lastKnownFileType = text.xcconfig; name = "Pods-SocialApp.release.xcconfig"; path = "Pods/Target Support Files/Pods-SocialApp/Pods-SocialApp.release.xcconfig"; sourceTree = "<group>"; };
		810E437E1E752EF900D576BD /* PostCell.swift */ = {isa = PBXFileReference; fileEncoding = 4; lastKnownFileType = sourcecode.swift; path = PostCell.swift; sourceTree = "<group>"; };
		8164DBCC1E71886D002627F5 /* SocialApp.app */ = {isa = PBXFileReference; explicitFileType = wrapper.application; includeInIndex = 0; path = SocialApp.app; sourceTree = BUILT_PRODUCTS_DIR; };
		8164DBCF1E71886D002627F5 /* AppDelegate.swift */ = {isa = PBXFileReference; lastKnownFileType = sourcecode.swift; path = AppDelegate.swift; sourceTree = "<group>"; };
		8164DBD11E71886D002627F5 /* SignInVC.swift */ = {isa = PBXFileReference; lastKnownFileType = sourcecode.swift; path = SignInVC.swift; sourceTree = "<group>"; };
		8164DBD41E71886D002627F5 /* Base */ = {isa = PBXFileReference; lastKnownFileType = file.storyboard; name = Base; path = Base.lproj/Main.storyboard; sourceTree = "<group>"; };
		8164DBD61E71886D002627F5 /* Assets.xcassets */ = {isa = PBXFileReference; lastKnownFileType = folder.assetcatalog; path = Assets.xcassets; sourceTree = "<group>"; };
		8164DBD91E71886D002627F5 /* Base */ = {isa = PBXFileReference; lastKnownFileType = file.storyboard; name = Base; path = Base.lproj/LaunchScreen.storyboard; sourceTree = "<group>"; };
		8164DBDB1E71886D002627F5 /* Info.plist */ = {isa = PBXFileReference; lastKnownFileType = text.plist.xml; path = Info.plist; sourceTree = "<group>"; };
		8164DBE11E718878002627F5 /* GoogleService-Info.plist */ = {isa = PBXFileReference; fileEncoding = 4; lastKnownFileType = text.plist.xml; path = "GoogleService-Info.plist"; sourceTree = "<group>"; };
		8178CBB01E73E24000609092 /* FancyView.swift */ = {isa = PBXFileReference; fileEncoding = 4; lastKnownFileType = sourcecode.swift; path = FancyView.swift; sourceTree = "<group>"; };
		8178CBB31E73E2D700609092 /* Constants.swift */ = {isa = PBXFileReference; fileEncoding = 4; lastKnownFileType = sourcecode.swift; path = Constants.swift; sourceTree = "<group>"; };
		8178CBB51E73E4E600609092 /* RoundButton.swift */ = {isa = PBXFileReference; fileEncoding = 4; lastKnownFileType = sourcecode.swift; path = RoundButton.swift; sourceTree = "<group>"; };
		8178CBB71E73E66B00609092 /* FancyField.swift */ = {isa = PBXFileReference; fileEncoding = 4; lastKnownFileType = sourcecode.swift; path = FancyField.swift; sourceTree = "<group>"; };
		8178CBB91E73E7A300609092 /* FancyButton.swift */ = {isa = PBXFileReference; fileEncoding = 4; lastKnownFileType = sourcecode.swift; path = FancyButton.swift; sourceTree = "<group>"; };
		8178CBBB1E73F74700609092 /* SocialApp.entitlements */ = {isa = PBXFileReference; lastKnownFileType = text.plist.entitlements; path = SocialApp.entitlements; sourceTree = "<group>"; };
		81F8BBCA1E742DD600FCD41A /* FeedVC.swift */ = {isa = PBXFileReference; fileEncoding = 4; lastKnownFileType = sourcecode.swift; path = FeedVC.swift; sourceTree = "<group>"; };
		81F8BBCC1E743F0200FCD41A /* CircleView.swift */ = {isa = PBXFileReference; fileEncoding = 4; lastKnownFileType = sourcecode.swift; path = CircleView.swift; sourceTree = "<group>"; };
		907484227398C799F9F91CA6 /* Pods-SocialApp.debug.xcconfig */ = {isa = PBXFileReference; includeInIndex = 1; lastKnownFileType = text.xcconfig; name = "Pods-SocialApp.debug.xcconfig"; path = "Pods/Target Support Files/Pods-SocialApp/Pods-SocialApp.debug.xcconfig"; sourceTree = "<group>"; };
		E1510136598639FF9CE8D3E0 /* Pods_SocialApp.framework */ = {isa = PBXFileReference; explicitFileType = wrapper.framework; includeInIndex = 0; path = Pods_SocialApp.framework; sourceTree = BUILT_PRODUCTS_DIR; };
/* End PBXFileReference section */

/* Begin PBXFrameworksBuildPhase section */
		8164DBC91E71886D002627F5 /* Frameworks */ = {
			isa = PBXFrameworksBuildPhase;
			buildActionMask = 2147483647;
			files = (
				05E71AEDBF30755198346992 /* Pods_SocialApp.framework in Frameworks */,
			);
			runOnlyForDeploymentPostprocessing = 0;
		};
/* End PBXFrameworksBuildPhase section */

/* Begin PBXGroup section */
		7EBD9A3929CE05EE930EC447 /* Pods */ = {
			isa = PBXGroup;
			children = (
				907484227398C799F9F91CA6 /* Pods-SocialApp.debug.xcconfig */,
				729F204900E093BA73EF0B23 /* Pods-SocialApp.release.xcconfig */,
			);
			name = Pods;
			sourceTree = "<group>";
		};
		8164DBC31E71886D002627F5 = {
			isa = PBXGroup;
			children = (
				8164DBCE1E71886D002627F5 /* SocialApp */,
				8164DBCD1E71886D002627F5 /* Products */,
				7EBD9A3929CE05EE930EC447 /* Pods */,
				DC6D0C063910CC181587582F /* Frameworks */,
			);
			sourceTree = "<group>";
		};
		8164DBCD1E71886D002627F5 /* Products */ = {
			isa = PBXGroup;
			children = (
				8164DBCC1E71886D002627F5 /* SocialApp.app */,
			);
			name = Products;
			sourceTree = "<group>";
		};
		8164DBCE1E71886D002627F5 /* SocialApp */ = {
			isa = PBXGroup;
			children = (
				8178CBBB1E73F74700609092 /* SocialApp.entitlements */,
				8178CBB21E73E2C300609092 /* Util */,
				816A42871E718A6200681301 /* Controller */,
				816A42861E718A5E00681301 /* View */,
				816A42851E718A5900681301 /* Model */,
				8164DBCF1E71886D002627F5 /* AppDelegate.swift */,
				8164DBD31E71886D002627F5 /* Main.storyboard */,
				8164DBD61E71886D002627F5 /* Assets.xcassets */,
				8164DBD81E71886D002627F5 /* LaunchScreen.storyboard */,
				8164DBDB1E71886D002627F5 /* Info.plist */,
				8164DBE11E718878002627F5 /* GoogleService-Info.plist */,
			);
			path = SocialApp;
			sourceTree = "<group>";
		};
		816A42851E718A5900681301 /* Model */ = {
			isa = PBXGroup;
			children = (
			);
			name = Model;
			sourceTree = "<group>";
		};
		816A42861E718A5E00681301 /* View */ = {
			isa = PBXGroup;
			children = (
				8178CBB01E73E24000609092 /* FancyView.swift */,
				8178CBB51E73E4E600609092 /* RoundButton.swift */,
				8178CBB71E73E66B00609092 /* FancyField.swift */,
				8178CBB91E73E7A300609092 /* FancyButton.swift */,
				81F8BBCC1E743F0200FCD41A /* CircleView.swift */,
				810E437E1E752EF900D576BD /* PostCell.swift */,
			);
			name = View;
			sourceTree = "<group>";
		};
		816A42871E718A6200681301 /* Controller */ = {
			isa = PBXGroup;
			children = (
				8164DBD11E71886D002627F5 /* SignInVC.swift */,
				81F8BBCA1E742DD600FCD41A /* FeedVC.swift */,
			);
			name = Controller;
			sourceTree = "<group>";
		};
		8178CBB21E73E2C300609092 /* Util */ = {
			isa = PBXGroup;
			children = (
				8178CBB31E73E2D700609092 /* Constants.swift */,
			);
			name = Util;
			sourceTree = "<group>";
		};
		DC6D0C063910CC181587582F /* Frameworks */ = {
			isa = PBXGroup;
			children = (
				E1510136598639FF9CE8D3E0 /* Pods_SocialApp.framework */,
			);
			name = Frameworks;
			sourceTree = "<group>";
		};
/* End PBXGroup section */

/* Begin PBXNativeTarget section */
		8164DBCB1E71886D002627F5 /* SocialApp */ = {
			isa = PBXNativeTarget;
			buildConfigurationList = 8164DBDE1E71886D002627F5 /* Build configuration list for PBXNativeTarget "SocialApp" */;
			buildPhases = (
				9E9673772AD16682F72B84CA /* [CP] Check Pods Manifest.lock */,
				8164DBC81E71886D002627F5 /* Sources */,
				8164DBC91E71886D002627F5 /* Frameworks */,
				8164DBCA1E71886D002627F5 /* Resources */,
				CEE7690A02D643CDF8A9A6B2 /* [CP] Embed Pods Frameworks */,
				7BDEC3D4F2C55D17DF6577BA /* [CP] Copy Pods Resources */,
			);
			buildRules = (
			);
			dependencies = (
			);
			name = SocialApp;
			productName = SocialApp;
			productReference = 8164DBCC1E71886D002627F5 /* SocialApp.app */;
			productType = "com.apple.product-type.application";
		};
/* End PBXNativeTarget section */

/* Begin PBXProject section */
		8164DBC41E71886D002627F5 /* Project object */ = {
			isa = PBXProject;
			attributes = {
				LastSwiftUpdateCheck = 0820;
				LastUpgradeCheck = 0820;
				ORGANIZATIONNAME = "Mohd Adam";
				TargetAttributes = {
					8164DBCB1E71886D002627F5 = {
						CreatedOnToolsVersion = 8.2.1;
						DevelopmentTeam = 3F9ZJ33XLL;
						ProvisioningStyle = Automatic;
						SystemCapabilities = {
							com.apple.Keychain = {
								enabled = 1;
							};
						};
					};
				};
			};
			buildConfigurationList = 8164DBC71E71886D002627F5 /* Build configuration list for PBXProject "SocialApp" */;
			compatibilityVersion = "Xcode 3.2";
			developmentRegion = English;
			hasScannedForEncodings = 0;
			knownRegions = (
				en,
				Base,
			);
			mainGroup = 8164DBC31E71886D002627F5;
			productRefGroup = 8164DBCD1E71886D002627F5 /* Products */;
			projectDirPath = "";
			projectRoot = "";
			targets = (
				8164DBCB1E71886D002627F5 /* SocialApp */,
			);
		};
/* End PBXProject section */

/* Begin PBXResourcesBuildPhase section */
		8164DBCA1E71886D002627F5 /* Resources */ = {
			isa = PBXResourcesBuildPhase;
			buildActionMask = 2147483647;
			files = (
				8164DBDA1E71886D002627F5 /* LaunchScreen.storyboard in Resources */,
				8164DBE21E718878002627F5 /* GoogleService-Info.plist in Resources */,
				8164DBD71E71886D002627F5 /* Assets.xcassets in Resources */,
				8164DBD51E71886D002627F5 /* Main.storyboard in Resources */,
			);
			runOnlyForDeploymentPostprocessing = 0;
		};
/* End PBXResourcesBuildPhase section */

/* Begin PBXShellScriptBuildPhase section */
		7BDEC3D4F2C55D17DF6577BA /* [CP] Copy Pods Resources */ = {
			isa = PBXShellScriptBuildPhase;
			buildActionMask = 2147483647;
			files = (
			);
			inputPaths = (
			);
			name = "[CP] Copy Pods Resources";
			outputPaths = (
			);
			runOnlyForDeploymentPostprocessing = 0;
			shellPath = /bin/sh;
			shellScript = "\"${SRCROOT}/Pods/Target Support Files/Pods-SocialApp/Pods-SocialApp-resources.sh\"\n";
			showEnvVarsInLog = 0;
		};
		9E9673772AD16682F72B84CA /* [CP] Check Pods Manifest.lock */ = {
			isa = PBXShellScriptBuildPhase;
			buildActionMask = 2147483647;
			files = (
			);
			inputPaths = (
			);
			name = "[CP] Check Pods Manifest.lock";
			outputPaths = (
			);
			runOnlyForDeploymentPostprocessing = 0;
			shellPath = /bin/sh;
			shellScript = "diff \"${PODS_ROOT}/../Podfile.lock\" \"${PODS_ROOT}/Manifest.lock\" > /dev/null\nif [ $? != 0 ] ; then\n    # print error to STDERR\n    echo \"error: The sandbox is not in sync with the Podfile.lock. Run 'pod install' or update your CocoaPods installation.\" >&2\n    exit 1\nfi\n";
			showEnvVarsInLog = 0;
		};
		CEE7690A02D643CDF8A9A6B2 /* [CP] Embed Pods Frameworks */ = {
			isa = PBXShellScriptBuildPhase;
			buildActionMask = 2147483647;
			files = (
			);
			inputPaths = (
			);
			name = "[CP] Embed Pods Frameworks";
			outputPaths = (
			);
			runOnlyForDeploymentPostprocessing = 0;
			shellPath = /bin/sh;
			shellScript = "\"${SRCROOT}/Pods/Target Support Files/Pods-SocialApp/Pods-SocialApp-frameworks.sh\"\n";
			showEnvVarsInLog = 0;
		};
/* End PBXShellScriptBuildPhase section */

/* Begin PBXSourcesBuildPhase section */
		8164DBC81E71886D002627F5 /* Sources */ = {
			isa = PBXSourcesBuildPhase;
			buildActionMask = 2147483647;
			files = (
				81F8BBCD1E743F0200FCD41A /* CircleView.swift in Sources */,
				8178CBB81E73E66B00609092 /* FancyField.swift in Sources */,
				8164DBD21E71886D002627F5 /* SignInVC.swift in Sources */,
				8178CBB61E73E4E600609092 /* RoundButton.swift in Sources */,
				8178CBBA1E73E7A300609092 /* FancyButton.swift in Sources */,
				81F8BBCB1E742DD600FCD41A /* FeedVC.swift in Sources */,
				8178CBB41E73E2D700609092 /* Constants.swift in Sources */,
				8164DBD01E71886D002627F5 /* AppDelegate.swift in Sources */,
				8178CBB11E73E24000609092 /* FancyView.swift in Sources */,
				810E437F1E752EF900D576BD /* PostCell.swift in Sources */,
			);
			runOnlyForDeploymentPostprocessing = 0;
		};
/* End PBXSourcesBuildPhase section */

/* Begin PBXVariantGroup section */
		8164DBD31E71886D002627F5 /* Main.storyboard */ = {
			isa = PBXVariantGroup;
			children = (
				8164DBD41E71886D002627F5 /* Base */,
			);
			name = Main.storyboard;
			sourceTree = "<group>";
		};
		8164DBD81E71886D002627F5 /* LaunchScreen.storyboard */ = {
			isa = PBXVariantGroup;
			children = (
				8164DBD91E71886D002627F5 /* Base */,
			);
			name = LaunchScreen.storyboard;
			sourceTree = "<group>";
		};
/* End PBXVariantGroup section */

/* Begin XCBuildConfiguration section */
		8164DBDC1E71886D002627F5 /* Debug */ = {
			isa = XCBuildConfiguration;
			buildSettings = {
				ALWAYS_SEARCH_USER_PATHS = NO;
				CLANG_ANALYZER_NONNULL = YES;
				CLANG_CXX_LANGUAGE_STANDARD = "gnu++0x";
				CLANG_CXX_LIBRARY = "libc++";
				CLANG_ENABLE_MODULES = YES;
				CLANG_ENABLE_OBJC_ARC = YES;
				CLANG_WARN_BOOL_CONVERSION = YES;
				CLANG_WARN_CONSTANT_CONVERSION = YES;
				CLANG_WARN_DIRECT_OBJC_ISA_USAGE = YES_ERROR;
				CLANG_WARN_DOCUMENTATION_COMMENTS = YES;
				CLANG_WARN_EMPTY_BODY = YES;
				CLANG_WARN_ENUM_CONVERSION = YES;
				CLANG_WARN_INFINITE_RECURSION = YES;
				CLANG_WARN_INT_CONVERSION = YES;
				CLANG_WARN_OBJC_ROOT_CLASS = YES_ERROR;
				CLANG_WARN_SUSPICIOUS_MOVE = YES;
				CLANG_WARN_UNREACHABLE_CODE = YES;
				CLANG_WARN__DUPLICATE_METHOD_MATCH = YES;
				"CODE_SIGN_IDENTITY[sdk=iphoneos*]" = "iPhone Developer";
				COPY_PHASE_STRIP = NO;
				DEBUG_INFORMATION_FORMAT = dwarf;
				ENABLE_STRICT_OBJC_MSGSEND = YES;
				ENABLE_TESTABILITY = YES;
				GCC_C_LANGUAGE_STANDARD = gnu99;
				GCC_DYNAMIC_NO_PIC = NO;
				GCC_NO_COMMON_BLOCKS = YES;
				GCC_OPTIMIZATION_LEVEL = 0;
				GCC_PREPROCESSOR_DEFINITIONS = (
					"DEBUG=1",
					"$(inherited)",
				);
				GCC_WARN_64_TO_32_BIT_CONVERSION = YES;
				GCC_WARN_ABOUT_RETURN_TYPE = YES_ERROR;
				GCC_WARN_UNDECLARED_SELECTOR = YES;
				GCC_WARN_UNINITIALIZED_AUTOS = YES_AGGRESSIVE;
				GCC_WARN_UNUSED_FUNCTION = YES;
				GCC_WARN_UNUSED_VARIABLE = YES;
				IPHONEOS_DEPLOYMENT_TARGET = 10.2;
				MTL_ENABLE_DEBUG_INFO = YES;
				ONLY_ACTIVE_ARCH = YES;
				SDKROOT = iphoneos;
				SWIFT_ACTIVE_COMPILATION_CONDITIONS = DEBUG;
				SWIFT_OPTIMIZATION_LEVEL = "-Onone";
				TARGETED_DEVICE_FAMILY = "1,2";
			};
			name = Debug;
		};
		8164DBDD1E71886D002627F5 /* Release */ = {
			isa = XCBuildConfiguration;
			buildSettings = {
				ALWAYS_SEARCH_USER_PATHS = NO;
				CLANG_ANALYZER_NONNULL = YES;
				CLANG_CXX_LANGUAGE_STANDARD = "gnu++0x";
				CLANG_CXX_LIBRARY = "libc++";
				CLANG_ENABLE_MODULES = YES;
				CLANG_ENABLE_OBJC_ARC = YES;
				CLANG_WARN_BOOL_CONVERSION = YES;
				CLANG_WARN_CONSTANT_CONVERSION = YES;
				CLANG_WARN_DIRECT_OBJC_ISA_USAGE = YES_ERROR;
				CLANG_WARN_DOCUMENTATION_COMMENTS = YES;
				CLANG_WARN_EMPTY_BODY = YES;
				CLANG_WARN_ENUM_CONVERSION = YES;
				CLANG_WARN_INFINITE_RECURSION = YES;
				CLANG_WARN_INT_CONVERSION = YES;
				CLANG_WARN_OBJC_ROOT_CLASS = YES_ERROR;
				CLANG_WARN_SUSPICIOUS_MOVE = YES;
				CLANG_WARN_UNREACHABLE_CODE = YES;
				CLANG_WARN__DUPLICATE_METHOD_MATCH = YES;
				"CODE_SIGN_IDENTITY[sdk=iphoneos*]" = "iPhone Developer";
				COPY_PHASE_STRIP = NO;
				DEBUG_INFORMATION_FORMAT = "dwarf-with-dsym";
				ENABLE_NS_ASSERTIONS = NO;
				ENABLE_STRICT_OBJC_MSGSEND = YES;
				GCC_C_LANGUAGE_STANDARD = gnu99;
				GCC_NO_COMMON_BLOCKS = YES;
				GCC_WARN_64_TO_32_BIT_CONVERSION = YES;
				GCC_WARN_ABOUT_RETURN_TYPE = YES_ERROR;
				GCC_WARN_UNDECLARED_SELECTOR = YES;
				GCC_WARN_UNINITIALIZED_AUTOS = YES_AGGRESSIVE;
				GCC_WARN_UNUSED_FUNCTION = YES;
				GCC_WARN_UNUSED_VARIABLE = YES;
				IPHONEOS_DEPLOYMENT_TARGET = 10.2;
				MTL_ENABLE_DEBUG_INFO = NO;
				SDKROOT = iphoneos;
				SWIFT_OPTIMIZATION_LEVEL = "-Owholemodule";
				TARGETED_DEVICE_FAMILY = "1,2";
				VALIDATE_PRODUCT = YES;
			};
			name = Release;
		};
		8164DBDF1E71886D002627F5 /* Debug */ = {
			isa = XCBuildConfiguration;
			baseConfigurationReference = 907484227398C799F9F91CA6 /* Pods-SocialApp.debug.xcconfig */;
			buildSettings = {
				ASSETCATALOG_COMPILER_APPICON_NAME = AppIcon;
				CODE_SIGN_ENTITLEMENTS = SocialApp/SocialApp.entitlements;
				DEVELOPMENT_TEAM = 3F9ZJ33XLL;
				INFOPLIST_FILE = SocialApp/Info.plist;
				LD_RUNPATH_SEARCH_PATHS = "$(inherited) @executable_path/Frameworks";
				PRODUCT_BUNDLE_IDENTIFIER = com.adamode.SocialApp;
				PRODUCT_NAME = "$(TARGET_NAME)";
				SWIFT_VERSION = 3.0;
			};
			name = Debug;
		};
		8164DBE01E71886D002627F5 /* Release */ = {
			isa = XCBuildConfiguration;
			baseConfigurationReference = 729F204900E093BA73EF0B23 /* Pods-SocialApp.release.xcconfig */;
			buildSettings = {
				ASSETCATALOG_COMPILER_APPICON_NAME = AppIcon;
				CODE_SIGN_ENTITLEMENTS = SocialApp/SocialApp.entitlements;
				DEVELOPMENT_TEAM = 3F9ZJ33XLL;
				INFOPLIST_FILE = SocialApp/Info.plist;
				LD_RUNPATH_SEARCH_PATHS = "$(inherited) @executable_path/Frameworks";
				PRODUCT_BUNDLE_IDENTIFIER = com.adamode.SocialApp;
				PRODUCT_NAME = "$(TARGET_NAME)";
				SWIFT_VERSION = 3.0;
			};
			name = Release;
		};
/* End XCBuildConfiguration section */

/* Begin XCConfigurationList section */
		8164DBC71E71886D002627F5 /* Build configuration list for PBXProject "SocialApp" */ = {
			isa = XCConfigurationList;
			buildConfigurations = (
				8164DBDC1E71886D002627F5 /* Debug */,
				8164DBDD1E71886D002627F5 /* Release */,
			);
			defaultConfigurationIsVisible = 0;
			defaultConfigurationName = Release;
		};
		8164DBDE1E71886D002627F5 /* Build configuration list for PBXNativeTarget "SocialApp" */ = {
			isa = XCConfigurationList;
			buildConfigurations = (
				8164DBDF1E71886D002627F5 /* Debug */,
				8164DBE01E71886D002627F5 /* Release */,
			);
			defaultConfigurationIsVisible = 0;
			defaultConfigurationName = Release;
		};
/* End XCConfigurationList section */
	};
	rootObject = 8164DBC41E71886D002627F5 /* Project object */;
}
